
Microsoft Visual Studio Solution File, Format Version 12.00
Project("{FAE04EC0-301F-11D3-BF4B-00C04F79EFBC}") = "ConsoleApp", "ConsoleApp\ConsoleApp.csproj", "{3171E607-8D0A-4A2D-BFEF-823F43EED841}"
EndProject
Project("{FAE04EC0-301F-11D3-BF4B-00C04F79EFBC}") = "Testing", "Testing\Testing.csproj", "{5274D88E-C464-49D6-93DE-96CF679CBBFA}"
EndProject
Global
	GlobalSection(SolutionConfigurationPlatforms) = preSolution
		Debug|Any CPU = Debug|Any CPU
		Release|Any CPU = Release|Any CPU
	EndGlobalSection
	GlobalSection(ProjectConfigurationPlatforms) = postSolution
		{3171E607-8D0A-4A2D-BFEF-823F43EED841}.Debug|Any CPU.ActiveCfg = Debug|Any CPU
		{3171E607-8D0A-4A2D-BFEF-823F43EED841}.Debug|Any CPU.Build.0 = Debug|Any CPU
		{3171E607-8D0A-4A2D-BFEF-823F43EED841}.Release|Any CPU.ActiveCfg = Release|Any CPU
		{3171E607-8D0A-4A2D-BFEF-823F43EED841}.Release|Any CPU.Build.0 = Release|Any CPU
		{5274D88E-C464-49D6-93DE-96CF679CBBFA}.Debug|Any CPU.ActiveCfg = Debug|Any CPU
		{5274D88E-C464-49D6-93DE-96CF679CBBFA}.Debug|Any CPU.Build.0 = Debug|Any CPU
		{5274D88E-C464-49D6-93DE-96CF679CBBFA}.Release|Any CPU.ActiveCfg = Release|Any CPU
		{5274D88E-C464-49D6-93DE-96CF679CBBFA}.Release|Any CPU.Build.0 = Release|Any CPU
	EndGlobalSection
EndGlobal
